// !$*UTF8*$!
{
	archiveVersion = 1;
	classes = {
	};
	objectVersion = 56;
	objects = {

/* Begin PBXBuildFile section */
		9911BEDE24F0D77E00303491 /* Pods_Meeting.framework in Frameworks */ = {isa = PBXBuildFile; fileRef = 53D810EE1FBB1E677DCFA1C3 /* Pods_Meeting.framework */; };
		CF069DA029EC2D3D005ED378 /* AppDelegate.swift in Sources */ = {isa = PBXBuildFile; fileRef = CF069D9F29EC2D3D005ED378 /* AppDelegate.swift */; };
		CF069DA229EC2D3D005ED378 /* SceneDelegate.swift in Sources */ = {isa = PBXBuildFile; fileRef = CF069DA129EC2D3D005ED378 /* SceneDelegate.swift */; };
		CF069DA429EC2D3D005ED378 /* ViewController.swift in Sources */ = {isa = PBXBuildFile; fileRef = CF069DA329EC2D3D005ED378 /* ViewController.swift */; };
		CF069DA729EC2D3E005ED378 /* Main.storyboard in Resources */ = {isa = PBXBuildFile; fileRef = CF069DA529EC2D3E005ED378 /* Main.storyboard */; };
		CF069DA929EC2D3E005ED378 /* Assets.xcassets in Resources */ = {isa = PBXBuildFile; fileRef = CF069DA829EC2D3E005ED378 /* Assets.xcassets */; };
		CF069DAC29EC2D3E005ED378 /* LaunchScreen.storyboard in Resources */ = {isa = PBXBuildFile; fileRef = CF069DAA29EC2D3E005ED378 /* LaunchScreen.storyboard */; };
		CF1DC80829F0D46C001E2EAD /* CardView.swift in Sources */ = {isa = PBXBuildFile; fileRef = CF1DC80729F0D46C001E2EAD /* CardView.swift */; };
		CF1DC80A29F0DFC3001E2EAD /* User.swift in Sources */ = {isa = PBXBuildFile; fileRef = CF1DC80929F0DFC3001E2EAD /* User.swift */; };
		CF7D03092A0B80330028E7EB /* CurrentAuthUser.swift in Sources */ = {isa = PBXBuildFile; fileRef = CF7D03082A0B80330028E7EB /* CurrentAuthUser.swift */; };
		CF807F0929FFF57800D5ACD1 /* CollectionPhotoCell.swift in Sources */ = {isa = PBXBuildFile; fileRef = CF807F0829FFF57800D5ACD1 /* CollectionPhotoCell.swift */; };
		CF933C302A0CD65C0015E99B /* CustomError.swift in Sources */ = {isa = PBXBuildFile; fileRef = CF933C2F2A0CD65C0015E99B /* CustomError.swift */; };
		CFA140D92A00D61A00DD384B /* GoogleService-Info.plist in Resources */ = {isa = PBXBuildFile; fileRef = CFA140D82A00D61A00DD384B /* GoogleService-Info.plist */; };
		CFC6D2FE29FE403000A712BA /* ProfileViewController.swift in Sources */ = {isa = PBXBuildFile; fileRef = CFC6D2FD29FE403000A712BA /* ProfileViewController.swift */; };
		CFC6D30029FE43B100A712BA /* CircularProgressBarView.swift in Sources */ = {isa = PBXBuildFile; fileRef = CFC6D2FF29FE43B100A712BA /* CircularProgressBarView.swift */; };
		CFC72D4F2A0135F2008CDB14 /* FirebaseStorageModel.swift in Sources */ = {isa = PBXBuildFile; fileRef = CFC72D4E2A0135F2008CDB14 /* FirebaseStorageModel.swift */; };
		CFC72D512A014543008CDB14 /* CreateButton.swift in Sources */ = {isa = PBXBuildFile; fileRef = CFC72D502A014543008CDB14 /* CreateButton.swift */; };
		CFCD0F9C2A0A887E00C17AFC /* TestFile.swift in Sources */ = {isa = PBXBuildFile; fileRef = CFCD0F9B2A0A887E00C17AFC /* TestFile.swift */; };
		CFD1CAE729FEABB6009AE9A7 /* SettingsPhotoViewController.swift in Sources */ = {isa = PBXBuildFile; fileRef = CFD1CAE629FEABB6009AE9A7 /* SettingsPhotoViewController.swift */; };
		CFFD03E029F9003B000732AC /* CardModel.swift in Sources */ = {isa = PBXBuildFile; fileRef = CFFD03DF29F9003B000732AC /* CardModel.swift */; };
/* End PBXBuildFile section */

/* Begin PBXFileReference section */
		479FCAB411AD48ECCAF8EF98 /* Pods-Meeting.release.xcconfig */ = {isa = PBXFileReference; includeInIndex = 1; lastKnownFileType = text.xcconfig; name = "Pods-Meeting.release.xcconfig"; path = "Target Support Files/Pods-Meeting/Pods-Meeting.release.xcconfig"; sourceTree = "<group>"; };
		53D810EE1FBB1E677DCFA1C3 /* Pods_Meeting.framework */ = {isa = PBXFileReference; explicitFileType = wrapper.framework; includeInIndex = 0; path = Pods_Meeting.framework; sourceTree = BUILT_PRODUCTS_DIR; };
		5795765203C46B870840601D /* Pods-Meeting.debug.xcconfig */ = {isa = PBXFileReference; includeInIndex = 1; lastKnownFileType = text.xcconfig; name = "Pods-Meeting.debug.xcconfig"; path = "Target Support Files/Pods-Meeting/Pods-Meeting.debug.xcconfig"; sourceTree = "<group>"; };
		CF069D9C29EC2D3D005ED378 /* Meeting.app */ = {isa = PBXFileReference; explicitFileType = wrapper.application; includeInIndex = 0; path = Meeting.app; sourceTree = BUILT_PRODUCTS_DIR; };
		CF069D9F29EC2D3D005ED378 /* AppDelegate.swift */ = {isa = PBXFileReference; lastKnownFileType = sourcecode.swift; path = AppDelegate.swift; sourceTree = "<group>"; };
		CF069DA129EC2D3D005ED378 /* SceneDelegate.swift */ = {isa = PBXFileReference; lastKnownFileType = sourcecode.swift; path = SceneDelegate.swift; sourceTree = "<group>"; };
		CF069DA329EC2D3D005ED378 /* ViewController.swift */ = {isa = PBXFileReference; lastKnownFileType = sourcecode.swift; path = ViewController.swift; sourceTree = "<group>"; };
		CF069DA629EC2D3E005ED378 /* Base */ = {isa = PBXFileReference; lastKnownFileType = file.storyboard; name = Base; path = Base.lproj/Main.storyboard; sourceTree = "<group>"; };
		CF069DA829EC2D3E005ED378 /* Assets.xcassets */ = {isa = PBXFileReference; lastKnownFileType = folder.assetcatalog; path = Assets.xcassets; sourceTree = "<group>"; };
		CF069DAB29EC2D3E005ED378 /* Base */ = {isa = PBXFileReference; lastKnownFileType = file.storyboard; name = Base; path = Base.lproj/LaunchScreen.storyboard; sourceTree = "<group>"; };
		CF069DAD29EC2D3E005ED378 /* Info.plist */ = {isa = PBXFileReference; lastKnownFileType = text.plist.xml; path = Info.plist; sourceTree = "<group>"; };
		CF1DC80729F0D46C001E2EAD /* CardView.swift */ = {isa = PBXFileReference; lastKnownFileType = sourcecode.swift; path = CardView.swift; sourceTree = "<group>"; };
		CF1DC80929F0DFC3001E2EAD /* User.swift */ = {isa = PBXFileReference; lastKnownFileType = sourcecode.swift; path = User.swift; sourceTree = "<group>"; };
		CF7D03082A0B80330028E7EB /* CurrentAuthUser.swift */ = {isa = PBXFileReference; lastKnownFileType = sourcecode.swift; path = CurrentAuthUser.swift; sourceTree = "<group>"; };
		CF807F0829FFF57800D5ACD1 /* CollectionPhotoCell.swift */ = {isa = PBXFileReference; lastKnownFileType = sourcecode.swift; path = CollectionPhotoCell.swift; sourceTree = "<group>"; };
		CF933C2F2A0CD65C0015E99B /* CustomError.swift */ = {isa = PBXFileReference; lastKnownFileType = sourcecode.swift; path = CustomError.swift; sourceTree = "<group>"; };
		CFA140D82A00D61A00DD384B /* GoogleService-Info.plist */ = {isa = PBXFileReference; fileEncoding = 4; lastKnownFileType = text.plist.xml; path = "GoogleService-Info.plist"; sourceTree = "<group>"; };
		CFC6D2FD29FE403000A712BA /* ProfileViewController.swift */ = {isa = PBXFileReference; lastKnownFileType = sourcecode.swift; path = ProfileViewController.swift; sourceTree = "<group>"; };
		CFC6D2FF29FE43B100A712BA /* CircularProgressBarView.swift */ = {isa = PBXFileReference; lastKnownFileType = sourcecode.swift; path = CircularProgressBarView.swift; sourceTree = "<group>"; };
		CFC72D4E2A0135F2008CDB14 /* FirebaseStorageModel.swift */ = {isa = PBXFileReference; lastKnownFileType = sourcecode.swift; path = FirebaseStorageModel.swift; sourceTree = "<group>"; };
		CFC72D502A014543008CDB14 /* CreateButton.swift */ = {isa = PBXFileReference; lastKnownFileType = sourcecode.swift; path = CreateButton.swift; sourceTree = "<group>"; };
		CFCD0F9B2A0A887E00C17AFC /* TestFile.swift */ = {isa = PBXFileReference; lastKnownFileType = sourcecode.swift; path = TestFile.swift; sourceTree = "<group>"; };
		CFD1CAE629FEABB6009AE9A7 /* SettingsPhotoViewController.swift */ = {isa = PBXFileReference; lastKnownFileType = sourcecode.swift; path = SettingsPhotoViewController.swift; sourceTree = "<group>"; };
		CFFD03DF29F9003B000732AC /* CardModel.swift */ = {isa = PBXFileReference; lastKnownFileType = sourcecode.swift; path = CardModel.swift; sourceTree = "<group>"; };
/* End PBXFileReference section */

/* Begin PBXFrameworksBuildPhase section */
		CF069D9929EC2D3D005ED378 /* Frameworks */ = {
			isa = PBXFrameworksBuildPhase;
			buildActionMask = 2147483647;
			files = (
				9911BEDE24F0D77E00303491 /* Pods_Meeting.framework in Frameworks */,
			);
			runOnlyForDeploymentPostprocessing = 0;
		};
/* End PBXFrameworksBuildPhase section */

/* Begin PBXGroup section */
		7F7F9A73837A9FB8EF0F19B9 /* Frameworks */ = {
			isa = PBXGroup;
			children = (
				53D810EE1FBB1E677DCFA1C3 /* Pods_Meeting.framework */,
			);
			name = Frameworks;
			sourceTree = "<group>";
		};
		CF069D9329EC2D3D005ED378 = {
			isa = PBXGroup;
			children = (
				CF069D9E29EC2D3D005ED378 /* Meeting */,
				CF069D9D29EC2D3D005ED378 /* Products */,
				D46BA24D1B379F1941FA34BB /* Pods */,
				7F7F9A73837A9FB8EF0F19B9 /* Frameworks */,
			);
			sourceTree = "<group>";
		};
		CF069D9D29EC2D3D005ED378 /* Products */ = {
			isa = PBXGroup;
			children = (
				CF069D9C29EC2D3D005ED378 /* Meeting.app */,
			);
			name = Products;
			sourceTree = "<group>";
		};
		CF069D9E29EC2D3D005ED378 /* Meeting */ = {
			isa = PBXGroup;
			children = (
				CF069D9F29EC2D3D005ED378 /* AppDelegate.swift */,
				CF069DA129EC2D3D005ED378 /* SceneDelegate.swift */,
				CFD689202A0E09D1003EB21A /* Test */,
				CF933C312A0CD67A0015E99B /* CustomEnum */,
				CFA140DB2A00E24300DD384B /* CustomStruct */,
				CFA140DA2A00E21600DD384B /* CustomClass */,
				CFFD03E229F90FB4000732AC /* Model */,
				CFFD03E129F90FAD000732AC /* Controller */,
				CFFD03E329F90FD7000732AC /* View */,
				CF069DA829EC2D3E005ED378 /* Assets.xcassets */,
				CF069DAA29EC2D3E005ED378 /* LaunchScreen.storyboard */,
				CF069DAD29EC2D3E005ED378 /* Info.plist */,
				CFA140D82A00D61A00DD384B /* GoogleService-Info.plist */,
			);
			path = Meeting;
			sourceTree = "<group>";
		};
		CF933C312A0CD67A0015E99B /* CustomEnum */ = {
			isa = PBXGroup;
			children = (
				CF933C2F2A0CD65C0015E99B /* CustomError.swift */,
			);
			path = CustomEnum;
			sourceTree = "<group>";
		};
		CFA140DA2A00E21600DD384B /* CustomClass */ = {
			isa = PBXGroup;
			children = (
				CFC6D2FF29FE43B100A712BA /* CircularProgressBarView.swift */,
				CF1DC80729F0D46C001E2EAD /* CardView.swift */,
				CF807F0829FFF57800D5ACD1 /* CollectionPhotoCell.swift */,
			);
			path = CustomClass;
			sourceTree = "<group>";
		};
		CFA140DB2A00E24300DD384B /* CustomStruct */ = {
			isa = PBXGroup;
			children = (
				CF7D03082A0B80330028E7EB /* CurrentAuthUser.swift */,
				CF1DC80929F0DFC3001E2EAD /* User.swift */,
			);
			path = CustomStruct;
			sourceTree = "<group>";
		};
		CFD689202A0E09D1003EB21A /* Test */ = {
			isa = PBXGroup;
			children = (
				CFCD0F9B2A0A887E00C17AFC /* TestFile.swift */,
			);
			path = Test;
			sourceTree = "<group>";
		};
		CFFD03E129F90FAD000732AC /* Controller */ = {
			isa = PBXGroup;
			children = (
				CF069DA329EC2D3D005ED378 /* ViewController.swift */,
				CFC6D2FD29FE403000A712BA /* ProfileViewController.swift */,
				CFD1CAE629FEABB6009AE9A7 /* SettingsPhotoViewController.swift */,
			);
			path = Controller;
			sourceTree = "<group>";
		};
		CFFD03E229F90FB4000732AC /* Model */ = {
			isa = PBXGroup;
			children = (
				CFFD03DF29F9003B000732AC /* CardModel.swift */,
				CFC72D4E2A0135F2008CDB14 /* FirebaseStorageModel.swift */,
				CFC72D502A014543008CDB14 /* CreateButton.swift */,
			);
			path = Model;
			sourceTree = "<group>";
		};
		CFFD03E329F90FD7000732AC /* View */ = {
			isa = PBXGroup;
			children = (
				CF069DA529EC2D3E005ED378 /* Main.storyboard */,
			);
			path = View;
			sourceTree = "<group>";
		};
		D46BA24D1B379F1941FA34BB /* Pods */ = {
			isa = PBXGroup;
			children = (
				5795765203C46B870840601D /* Pods-Meeting.debug.xcconfig */,
				479FCAB411AD48ECCAF8EF98 /* Pods-Meeting.release.xcconfig */,
			);
			path = Pods;
			sourceTree = "<group>";
		};
/* End PBXGroup section */

/* Begin PBXNativeTarget section */
		CF069D9B29EC2D3D005ED378 /* Meeting */ = {
			isa = PBXNativeTarget;
			buildConfigurationList = CF069DB029EC2D3E005ED378 /* Build configuration list for PBXNativeTarget "Meeting" */;
			buildPhases = (
				17C50B21C6A488953666BAE4 /* [CP] Check Pods Manifest.lock */,
				CF069D9829EC2D3D005ED378 /* Sources */,
				CF069D9929EC2D3D005ED378 /* Frameworks */,
				CF069D9A29EC2D3D005ED378 /* Resources */,
				F88F7EA0E4FA9133B080E60A /* [CP] Embed Pods Frameworks */,
			);
			buildRules = (
			);
			dependencies = (
			);
			name = Meeting;
			productName = Meeting;
			productReference = CF069D9C29EC2D3D005ED378 /* Meeting.app */;
			productType = "com.apple.product-type.application";
		};
/* End PBXNativeTarget section */

/* Begin PBXProject section */
		CF069D9429EC2D3D005ED378 /* Project object */ = {
			isa = PBXProject;
			attributes = {
				BuildIndependentTargetsInParallel = 1;
				LastSwiftUpdateCheck = 1420;
				LastUpgradeCheck = 1420;
				TargetAttributes = {
					CF069D9B29EC2D3D005ED378 = {
						CreatedOnToolsVersion = 14.2;
					};
				};
			};
			buildConfigurationList = CF069D9729EC2D3D005ED378 /* Build configuration list for PBXProject "Meeting" */;
			compatibilityVersion = "Xcode 14.0";
			developmentRegion = en;
			hasScannedForEncodings = 0;
			knownRegions = (
				en,
				Base,
			);
			mainGroup = CF069D9329EC2D3D005ED378;
			productRefGroup = CF069D9D29EC2D3D005ED378 /* Products */;
			projectDirPath = "";
			projectRoot = "";
			targets = (
				CF069D9B29EC2D3D005ED378 /* Meeting */,
			);
		};
/* End PBXProject section */

/* Begin PBXResourcesBuildPhase section */
		CF069D9A29EC2D3D005ED378 /* Resources */ = {
			isa = PBXResourcesBuildPhase;
			buildActionMask = 2147483647;
			files = (
				CF069DAC29EC2D3E005ED378 /* LaunchScreen.storyboard in Resources */,
				CFA140D92A00D61A00DD384B /* GoogleService-Info.plist in Resources */,
				CF069DA929EC2D3E005ED378 /* Assets.xcassets in Resources */,
				CF069DA729EC2D3E005ED378 /* Main.storyboard in Resources */,
			);
			runOnlyForDeploymentPostprocessing = 0;
		};
/* End PBXResourcesBuildPhase section */

/* Begin PBXShellScriptBuildPhase section */
		17C50B21C6A488953666BAE4 /* [CP] Check Pods Manifest.lock */ = {
			isa = PBXShellScriptBuildPhase;
			buildActionMask = 2147483647;
			files = (
			);
			inputFileListPaths = (
			);
			inputPaths = (
				"${PODS_PODFILE_DIR_PATH}/Podfile.lock",
				"${PODS_ROOT}/Manifest.lock",
			);
			name = "[CP] Check Pods Manifest.lock";
			outputFileListPaths = (
			);
			outputPaths = (
				"$(DERIVED_FILE_DIR)/Pods-Meeting-checkManifestLockResult.txt",
			);
			runOnlyForDeploymentPostprocessing = 0;
			shellPath = /bin/sh;
			shellScript = "diff \"${PODS_PODFILE_DIR_PATH}/Podfile.lock\" \"${PODS_ROOT}/Manifest.lock\" > /dev/null\nif [ $? != 0 ] ; then\n    # print error to STDERR\n    echo \"error: The sandbox is not in sync with the Podfile.lock. Run 'pod install' or update your CocoaPods installation.\" >&2\n    exit 1\nfi\n# This output is used by Xcode 'outputs' to avoid re-running this script phase.\necho \"SUCCESS\" > \"${SCRIPT_OUTPUT_FILE_0}\"\n";
			showEnvVarsInLog = 0;
		};
		F88F7EA0E4FA9133B080E60A /* [CP] Embed Pods Frameworks */ = {
			isa = PBXShellScriptBuildPhase;
			buildActionMask = 2147483647;
			files = (
			);
			inputFileListPaths = (
				"${PODS_ROOT}/Target Support Files/Pods-Meeting/Pods-Meeting-frameworks-${CONFIGURATION}-input-files.xcfilelist",
			);
			name = "[CP] Embed Pods Frameworks";
			outputFileListPaths = (
				"${PODS_ROOT}/Target Support Files/Pods-Meeting/Pods-Meeting-frameworks-${CONFIGURATION}-output-files.xcfilelist",
			);
			runOnlyForDeploymentPostprocessing = 0;
			shellPath = /bin/sh;
			shellScript = "\"${PODS_ROOT}/Target Support Files/Pods-Meeting/Pods-Meeting-frameworks.sh\"\n";
			showEnvVarsInLog = 0;
		};
/* End PBXShellScriptBuildPhase section */

/* Begin PBXSourcesBuildPhase section */
		CF069D9829EC2D3D005ED378 /* Sources */ = {
			isa = PBXSourcesBuildPhase;
			buildActionMask = 2147483647;
			files = (
				CF069DA429EC2D3D005ED378 /* ViewController.swift in Sources */,
				CF933C302A0CD65C0015E99B /* CustomError.swift in Sources */,
				CFC72D512A014543008CDB14 /* CreateButton.swift in Sources */,
				CF1DC80829F0D46C001E2EAD /* CardView.swift in Sources */,
				CF7D03092A0B80330028E7EB /* CurrentAuthUser.swift in Sources */,
				CFCD0F9C2A0A887E00C17AFC /* TestFile.swift in Sources */,
				CF807F0929FFF57800D5ACD1 /* CollectionPhotoCell.swift in Sources */,
				CF069DA029EC2D3D005ED378 /* AppDelegate.swift in Sources */,
				CF1DC80A29F0DFC3001E2EAD /* User.swift in Sources */,
				CFC6D30029FE43B100A712BA /* CircularProgressBarView.swift in Sources */,
				CF069DA229EC2D3D005ED378 /* SceneDelegate.swift in Sources */,
				CFFD03E029F9003B000732AC /* CardModel.swift in Sources */,
				CFC6D2FE29FE403000A712BA /* ProfileViewController.swift in Sources */,
				CFD1CAE729FEABB6009AE9A7 /* SettingsPhotoViewController.swift in Sources */,
				CFC72D4F2A0135F2008CDB14 /* FirebaseStorageModel.swift in Sources */,
			);
			runOnlyForDeploymentPostprocessing = 0;
		};
/* End PBXSourcesBuildPhase section */

/* Begin PBXVariantGroup section */
		CF069DA529EC2D3E005ED378 /* Main.storyboard */ = {
			isa = PBXVariantGroup;
			children = (
				CF069DA629EC2D3E005ED378 /* Base */,
			);
			name = Main.storyboard;
			sourceTree = "<group>";
		};
		CF069DAA29EC2D3E005ED378 /* LaunchScreen.storyboard */ = {
			isa = PBXVariantGroup;
			children = (
				CF069DAB29EC2D3E005ED378 /* Base */,
			);
			name = LaunchScreen.storyboard;
			sourceTree = "<group>";
		};
/* End PBXVariantGroup section */

/* Begin XCBuildConfiguration section */
		CF069DAE29EC2D3E005ED378 /* Debug */ = {
			isa = XCBuildConfiguration;
			buildSettings = {
				ALWAYS_SEARCH_USER_PATHS = NO;
				CLANG_ANALYZER_NONNULL = YES;
				CLANG_ANALYZER_NUMBER_OBJECT_CONVERSION = YES_AGGRESSIVE;
				CLANG_CXX_LANGUAGE_STANDARD = "gnu++20";
				CLANG_ENABLE_MODULES = YES;
				CLANG_ENABLE_OBJC_ARC = YES;
				CLANG_ENABLE_OBJC_WEAK = YES;
				CLANG_WARN_BLOCK_CAPTURE_AUTORELEASING = YES;
				CLANG_WARN_BOOL_CONVERSION = YES;
				CLANG_WARN_COMMA = YES;
				CLANG_WARN_CONSTANT_CONVERSION = YES;
				CLANG_WARN_DEPRECATED_OBJC_IMPLEMENTATIONS = YES;
				CLANG_WARN_DIRECT_OBJC_ISA_USAGE = YES_ERROR;
				CLANG_WARN_DOCUMENTATION_COMMENTS = YES;
				CLANG_WARN_EMPTY_BODY = YES;
				CLANG_WARN_ENUM_CONVERSION = YES;
				CLANG_WARN_INFINITE_RECURSION = YES;
				CLANG_WARN_INT_CONVERSION = YES;
				CLANG_WARN_NON_LITERAL_NULL_CONVERSION = YES;
				CLANG_WARN_OBJC_IMPLICIT_RETAIN_SELF = YES;
				CLANG_WARN_OBJC_LITERAL_CONVERSION = YES;
				CLANG_WARN_OBJC_ROOT_CLASS = YES_ERROR;
				CLANG_WARN_QUOTED_INCLUDE_IN_FRAMEWORK_HEADER = YES;
				CLANG_WARN_RANGE_LOOP_ANALYSIS = YES;
				CLANG_WARN_STRICT_PROTOTYPES = YES;
				CLANG_WARN_SUSPICIOUS_MOVE = YES;
				CLANG_WARN_UNGUARDED_AVAILABILITY = YES_AGGRESSIVE;
				CLANG_WARN_UNREACHABLE_CODE = YES;
				CLANG_WARN__DUPLICATE_METHOD_MATCH = YES;
				COPY_PHASE_STRIP = NO;
				DEBUG_INFORMATION_FORMAT = dwarf;
				ENABLE_STRICT_OBJC_MSGSEND = YES;
				ENABLE_TESTABILITY = YES;
				GCC_C_LANGUAGE_STANDARD = gnu11;
				GCC_DYNAMIC_NO_PIC = NO;
				GCC_NO_COMMON_BLOCKS = YES;
				GCC_OPTIMIZATION_LEVEL = 0;
				GCC_PREPROCESSOR_DEFINITIONS = (
					"DEBUG=1",
					"$(inherited)",
				);
				GCC_WARN_64_TO_32_BIT_CONVERSION = YES;
				GCC_WARN_ABOUT_RETURN_TYPE = YES_ERROR;
				GCC_WARN_UNDECLARED_SELECTOR = YES;
				GCC_WARN_UNINITIALIZED_AUTOS = YES_AGGRESSIVE;
				GCC_WARN_UNUSED_FUNCTION = YES;
				GCC_WARN_UNUSED_VARIABLE = YES;
				IPHONEOS_DEPLOYMENT_TARGET = 16.2;
				MTL_ENABLE_DEBUG_INFO = INCLUDE_SOURCE;
				MTL_FAST_MATH = YES;
				ONLY_ACTIVE_ARCH = YES;
				SDKROOT = iphoneos;
				SWIFT_ACTIVE_COMPILATION_CONDITIONS = DEBUG;
				SWIFT_OPTIMIZATION_LEVEL = "-Onone";
			};
			name = Debug;
		};
		CF069DAF29EC2D3E005ED378 /* Release */ = {
			isa = XCBuildConfiguration;
			buildSettings = {
				ALWAYS_SEARCH_USER_PATHS = NO;
				CLANG_ANALYZER_NONNULL = YES;
				CLANG_ANALYZER_NUMBER_OBJECT_CONVERSION = YES_AGGRESSIVE;
				CLANG_CXX_LANGUAGE_STANDARD = "gnu++20";
				CLANG_ENABLE_MODULES = YES;
				CLANG_ENABLE_OBJC_ARC = YES;
				CLANG_ENABLE_OBJC_WEAK = YES;
				CLANG_WARN_BLOCK_CAPTURE_AUTORELEASING = YES;
				CLANG_WARN_BOOL_CONVERSION = YES;
				CLANG_WARN_COMMA = YES;
				CLANG_WARN_CONSTANT_CONVERSION = YES;
				CLANG_WARN_DEPRECATED_OBJC_IMPLEMENTATIONS = YES;
				CLANG_WARN_DIRECT_OBJC_ISA_USAGE = YES_ERROR;
				CLANG_WARN_DOCUMENTATION_COMMENTS = YES;
				CLANG_WARN_EMPTY_BODY = YES;
				CLANG_WARN_ENUM_CONVERSION = YES;
				CLANG_WARN_INFINITE_RECURSION = YES;
				CLANG_WARN_INT_CONVERSION = YES;
				CLANG_WARN_NON_LITERAL_NULL_CONVERSION = YES;
				CLANG_WARN_OBJC_IMPLICIT_RETAIN_SELF = YES;
				CLANG_WARN_OBJC_LITERAL_CONVERSION = YES;
				CLANG_WARN_OBJC_ROOT_CLASS = YES_ERROR;
				CLANG_WARN_QUOTED_INCLUDE_IN_FRAMEWORK_HEADER = YES;
				CLANG_WARN_RANGE_LOOP_ANALYSIS = YES;
				CLANG_WARN_STRICT_PROTOTYPES = YES;
				CLANG_WARN_SUSPICIOUS_MOVE = YES;
				CLANG_WARN_UNGUARDED_AVAILABILITY = YES_AGGRESSIVE;
				CLANG_WARN_UNREACHABLE_CODE = YES;
				CLANG_WARN__DUPLICATE_METHOD_MATCH = YES;
				COPY_PHASE_STRIP = NO;
				DEBUG_INFORMATION_FORMAT = "dwarf-with-dsym";
				ENABLE_NS_ASSERTIONS = NO;
				ENABLE_STRICT_OBJC_MSGSEND = YES;
				GCC_C_LANGUAGE_STANDARD = gnu11;
				GCC_NO_COMMON_BLOCKS = YES;
				GCC_WARN_64_TO_32_BIT_CONVERSION = YES;
				GCC_WARN_ABOUT_RETURN_TYPE = YES_ERROR;
				GCC_WARN_UNDECLARED_SELECTOR = YES;
				GCC_WARN_UNINITIALIZED_AUTOS = YES_AGGRESSIVE;
				GCC_WARN_UNUSED_FUNCTION = YES;
				GCC_WARN_UNUSED_VARIABLE = YES;
				IPHONEOS_DEPLOYMENT_TARGET = 16.2;
				MTL_ENABLE_DEBUG_INFO = NO;
				MTL_FAST_MATH = YES;
				SDKROOT = iphoneos;
				SWIFT_COMPILATION_MODE = wholemodule;
				SWIFT_OPTIMIZATION_LEVEL = "-O";
				VALIDATE_PRODUCT = YES;
			};
			name = Release;
		};
		CF069DB129EC2D3E005ED378 /* Debug */ = {
			isa = XCBuildConfiguration;
			baseConfigurationReference = 5795765203C46B870840601D /* Pods-Meeting.debug.xcconfig */;
			buildSettings = {
				ASSETCATALOG_COMPILER_APPICON_NAME = AppIcon;
				ASSETCATALOG_COMPILER_GLOBAL_ACCENT_COLOR_NAME = AccentColor;
				CODE_SIGN_STYLE = Automatic;
				CURRENT_PROJECT_VERSION = 1;
				DEVELOPMENT_TEAM = F54VLCC48K;
				GENERATE_INFOPLIST_FILE = YES;
				INFOPLIST_FILE = Meeting/Info.plist;
				INFOPLIST_KEY_UIApplicationSupportsIndirectInputEvents = YES;
				INFOPLIST_KEY_UILaunchStoryboardName = LaunchScreen;
				INFOPLIST_KEY_UIMainStoryboardFile = Main;
				INFOPLIST_KEY_UISupportedInterfaceOrientations_iPad = "UIInterfaceOrientationPortrait UIInterfaceOrientationPortraitUpsideDown UIInterfaceOrientationLandscapeLeft UIInterfaceOrientationLandscapeRight";
				INFOPLIST_KEY_UISupportedInterfaceOrientations_iPhone = "UIInterfaceOrientationPortrait UIInterfaceOrientationLandscapeLeft UIInterfaceOrientationLandscapeRight";
				IPHONEOS_DEPLOYMENT_TARGET = 15.1;
				LD_RUNPATH_SEARCH_PATHS = (
					"$(inherited)",
					"@executable_path/Frameworks",
				);
				MARKETING_VERSION = 1.0;
				PRODUCT_BUNDLE_IDENTIFIER = com.MettingDenimMerzhan.Meeting;
				PRODUCT_NAME = "$(TARGET_NAME)";
				SWIFT_EMIT_LOC_STRINGS = YES;
				SWIFT_VERSION = 5.0;
				TARGETED_DEVICE_FAMILY = "1,2";
			};
			name = Debug;
		};
		CF069DB229EC2D3E005ED378 /* Release */ = {
			isa = XCBuildConfiguration;
			baseConfigurationReference = 479FCAB411AD48ECCAF8EF98 /* Pods-Meeting.release.xcconfig */;
			buildSettings = {
				ASSETCATALOG_COMPILER_APPICON_NAME = AppIcon;
				ASSETCATALOG_COMPILER_GLOBAL_ACCENT_COLOR_NAME = AccentColor;
				CODE_SIGN_STYLE = Automatic;
				CURRENT_PROJECT_VERSION = 1;
				DEVELOPMENT_TEAM = F54VLCC48K;
				GENERATE_INFOPLIST_FILE = YES;
				INFOPLIST_FILE = Meeting/Info.plist;
				INFOPLIST_KEY_UIApplicationSupportsIndirectInputEvents = YES;
				INFOPLIST_KEY_UILaunchStoryboardName = LaunchScreen;
				INFOPLIST_KEY_UIMainStoryboardFile = Main;
				INFOPLIST_KEY_UISupportedInterfaceOrientations_iPad = "UIInterfaceOrientationPortrait UIInterfaceOrientationPortraitUpsideDown UIInterfaceOrientationLandscapeLeft UIInterfaceOrientationLandscapeRight";
				INFOPLIST_KEY_UISupportedInterfaceOrientations_iPhone = "UIInterfaceOrientationPortrait UIInterfaceOrientationLandscapeLeft UIInterfaceOrientationLandscapeRight";
				IPHONEOS_DEPLOYMENT_TARGET = 15.1;
				LD_RUNPATH_SEARCH_PATHS = (
					"$(inherited)",
					"@executable_path/Frameworks",
				);
				MARKETING_VERSION = 1.0;
				PRODUCT_BUNDLE_IDENTIFIER = com.MettingDenimMerzhan.Meeting;
				PRODUCT_NAME = "$(TARGET_NAME)";
				SWIFT_EMIT_LOC_STRINGS = YES;
				SWIFT_VERSION = 5.0;
				TARGETED_DEVICE_FAMILY = "1,2";
			};
			name = Release;
		};
/* End XCBuildConfiguration section */

/* Begin XCConfigurationList section */
		CF069D9729EC2D3D005ED378 /* Build configuration list for PBXProject "Meeting" */ = {
			isa = XCConfigurationList;
			buildConfigurations = (
				CF069DAE29EC2D3E005ED378 /* Debug */,
				CF069DAF29EC2D3E005ED378 /* Release */,
			);
			defaultConfigurationIsVisible = 0;
			defaultConfigurationName = Release;
		};
		CF069DB029EC2D3E005ED378 /* Build configuration list for PBXNativeTarget "Meeting" */ = {
			isa = XCConfigurationList;
			buildConfigurations = (
				CF069DB129EC2D3E005ED378 /* Debug */,
				CF069DB229EC2D3E005ED378 /* Release */,
			);
			defaultConfigurationIsVisible = 0;
			defaultConfigurationName = Release;
		};
/* End XCConfigurationList section */
	};
	rootObject = CF069D9429EC2D3D005ED378 /* Project object */;
}
